
Microsoft Visual Studio Solution File, Format Version 12.00
# Visual Studio Version 16
VisualStudioVersion = 16.0.30225.117
MinimumVisualStudioVersion = 10.0.40219.1
Project("{FAE04EC0-301F-11D3-BF4B-00C04F79EFBC}") = "OdeToFood.Web", "OdeToFood.Web\OdeToFood.Web.csproj", "{4C8F35A0-8227-4566-90E2-C58125F66DFF}"
EndProject
Project("{FAE04EC0-301F-11D3-BF4B-00C04F79EFBC}") = "OdeToFood.Data", "OdeToFood.Data\OdeToFood.Data.csproj", "{26BD318C-7741-4276-84D0-9A159144B94E}"
EndProject
Project("{FAE04EC0-301F-11D3-BF4B-00C04F79EFBC}") = "OdeToFood.Tests", "OdeToFood.Tests\OdeToFood.Tests.csproj", "{8AF10C75-8FA0-4ADC-A8F5-636C3C61EDF8}"
EndProject
Global
	GlobalSection(SolutionConfigurationPlatforms) = preSolution
		Debug|Any CPU = Debug|Any CPU
		Release|Any CPU = Release|Any CPU
	EndGlobalSection
	GlobalSection(ProjectConfigurationPlatforms) = postSolution
		{4C8F35A0-8227-4566-90E2-C58125F66DFF}.Debug|Any CPU.ActiveCfg = Debug|Any CPU
		{4C8F35A0-8227-4566-90E2-C58125F66DFF}.Debug|Any CPU.Build.0 = Debug|Any CPU
		{4C8F35A0-8227-4566-90E2-C58125F66DFF}.Release|Any CPU.ActiveCfg = Release|Any CPU
		{4C8F35A0-8227-4566-90E2-C58125F66DFF}.Release|Any CPU.Build.0 = Release|Any CPU
		{26BD318C-7741-4276-84D0-9A159144B94E}.Debug|Any CPU.ActiveCfg = Debug|Any CPU
		{26BD318C-7741-4276-84D0-9A159144B94E}.Debug|Any CPU.Build.0 = Debug|Any CPU
		{26BD318C-7741-4276-84D0-9A159144B94E}.Release|Any CPU.ActiveCfg = Release|Any CPU
		{26BD318C-7741-4276-84D0-9A159144B94E}.Release|Any CPU.Build.0 = Release|Any CPU
		{8AF10C75-8FA0-4ADC-A8F5-636C3C61EDF8}.Debug|Any CPU.ActiveCfg = Debug|Any CPU
		{8AF10C75-8FA0-4ADC-A8F5-636C3C61EDF8}.Debug|Any CPU.Build.0 = Debug|Any CPU
		{8AF10C75-8FA0-4ADC-A8F5-636C3C61EDF8}.Release|Any CPU.ActiveCfg = Release|Any CPU
		{8AF10C75-8FA0-4ADC-A8F5-636C3C61EDF8}.Release|Any CPU.Build.0 = Release|Any CPU
	EndGlobalSection
	GlobalSection(SolutionProperties) = preSolution
		HideSolutionNode = FALSE
	EndGlobalSection
	GlobalSection(ExtensibilityGlobals) = postSolution
		SolutionGuid = {8C553FFA-F055-498B-B007-BA8806304312}
	EndGlobalSection
EndGlobal
